{
  "lockfileVersion": 1,
  "configVersion": 1,
  "workspaces": {
    "": {
      "name": "bun-react-template",
      "dependencies": {
        "@tanstack/react-query": "^5.90.20",
        "bun-plugin-tailwind": "^0.1.2",
        "react": "^19",
        "react-dom": "^19",
        "tailwindcss": "^4.1.11",
        "zustand": "^5.0.10",
      },
      "devDependencies": {
        "@types/bun": "latest",
        "@types/react": "^19",
        "@types/react-dom": "^19",
        "oxfmt": "^0.27.0",
        "oxlint": "^1.42.0",
      },
    },
  },
  "packages": {
    "@oven/bun-darwin-aarch64": ["@oven/bun-darwin-aarch64@1.3.8", "", { "os": "darwin", "cpu": "arm64" }, "sha512-hPERz4IgXCM6Y6GdEEsJAFceyJMt29f3HlFzsvE/k+TQjChRhar6S+JggL35b9VmFfsdxyCOOTPqgnSrdV0etA=="],

    "@oven/bun-darwin-x64": ["@oven/bun-darwin-x64@1.3.8", "", { "os": "darwin", "cpu": "x64" }, "sha512-SaWIxsRQYiT/eA60bqA4l8iNO7cJ6YD8ie82RerRp9voceBxPIZiwX4y20cTKy5qNaSGr9LxfYq7vDywTipiog=="],

    "@oven/bun-darwin-x64-baseline": ["@oven/bun-darwin-x64-baseline@1.3.8", "", { "os": "darwin", "cpu": "x64" }, "sha512-ArHVWpCRZI3vGLoN2/8ud8Kzqlgn1Gv+fNw+pMB9x18IzgAEhKxFxsWffnoaH21amam4tAOhpeewRIgdNtB0Cw=="],

    "@oven/bun-linux-aarch64": ["@oven/bun-linux-aarch64@1.3.8", "", { "os": "linux", "cpu": "arm64" }, "sha512-rq0nNckobtS+ONoB95/Frfqr8jCtmSjjjEZlN4oyUx0KEBV11Vj4v3cDVaWzuI34ryL8FCog3HaqjfKn8R82Tw=="],

    "@oven/bun-linux-aarch64-musl": ["@oven/bun-linux-aarch64-musl@1.3.8", "", { "os": "linux", "cpu": "arm64" }, "sha512-HvJmhrfipL7GtuqFz6xNpmf27NGcCOMwCalPjNR6fvkLpe8A7Z1+QbxKKjOglelmlmZc3Vi2TgDUtxSqfqOToQ=="],

    "@oven/bun-linux-x64": ["@oven/bun-linux-x64@1.3.8", "", { "os": "linux", "cpu": "x64" }, "sha512-YDgqVx1MI8E0oDbCEUSkAMBKKGnUKfaRtMdLh9Bjhu7JQacQ/ZCpxwi4HPf5Q0O1TbWRrdxGw2tA2Ytxkn7s1Q=="],

    "@oven/bun-linux-x64-baseline": ["@oven/bun-linux-x64-baseline@1.3.8", "", { "os": "linux", "cpu": "x64" }, "sha512-3IkS3TuVOzMqPW6Gg9/8FEoKF/rpKZ9DZUfNy9GQ54+k4PGcXpptU3+dy8D4iDFCt4qe6bvoiAOdM44OOsZ+Wg=="],

    "@oven/bun-linux-x64-musl": ["@oven/bun-linux-x64-musl@1.3.8", "", { "os": "linux", "cpu": "x64" }, "sha512-o7Jm5zL4aw9UBs3BcZLVbgGm2V4F10MzAQAV+ziKzoEfYmYtvDqRVxgKEq7BzUOVy4LgfrfwzEXw5gAQGRrhQQ=="],

    "@oven/bun-linux-x64-musl-baseline": ["@oven/bun-linux-x64-musl-baseline@1.3.8", "", { "os": "linux", "cpu": "x64" }, "sha512-5g8XJwHhcTh8SGoKO7pR54ILYDbuFkGo+68DOMTiVB5eLxuLET+Or/camHgk4QWp3nUS5kNjip4G8BE8i0rHVQ=="],

    "@oven/bun-windows-x64": ["@oven/bun-windows-x64@1.3.8", "", { "os": "win32", "cpu": "x64" }, "sha512-UDI3rowMm/tI6DIynpE4XqrOhr+1Ztk1NG707Wxv2nygup+anTswgCwjfjgmIe78LdoRNFrux2GpeolhQGW6vQ=="],

    "@oven/bun-windows-x64-baseline": ["@oven/bun-windows-x64-baseline@1.3.8", "", { "os": "win32", "cpu": "x64" }, "sha512-K6qBUKAZLXsjAwFxGTG87dsWlDjyDl2fqjJr7+x7lmv2m+aSEzmLOK+Z5pSvGkpjBp3LXV35UUgj8G0UTd0pPg=="],

    "@oxfmt/darwin-arm64": ["@oxfmt/darwin-arm64@0.27.0", "", { "os": "darwin", "cpu": "arm64" }, "sha512-3vwqyzNlVTVFVzHMlrqxb4tgVgHp6FYS0uIxsIZ/SeEDG0azaqiOw/2t8LlJ9f72PKRLWSey+Ak99tiKgpbsnQ=="],

    "@oxfmt/darwin-x64": ["@oxfmt/darwin-x64@0.27.0", "", { "os": "darwin", "cpu": "x64" }, "sha512-5u8mZVLm70v6l1wLZ2MmeNIEzGsruwKw5F7duePzpakPfxGtLpiFNUwe4aBUJULTP6aMzH+A4dA0JOn8lb7Luw=="],

    "@oxfmt/linux-arm64-gnu": ["@oxfmt/linux-arm64-gnu@0.27.0", "", { "os": "linux", "cpu": "arm64" }, "sha512-aql/LLYriX/5Ar7o5Qivnp/qMTUPNiOCr7cFLvmvzYZa3XL0H8XtbKUfIVm+9ILR0urXQzcml+L8pLe1p8sgEg=="],

    "@oxfmt/linux-arm64-musl": ["@oxfmt/linux-arm64-musl@0.27.0", "", { "os": "linux", "cpu": "arm64" }, "sha512-6u/kNb7hubthg4u/pn3MK/GJLwPgjDvDDnjjr7TC0/OK/xztef8ToXmycxIQ9OeDNIJJf7Z0Ss/rHnKvQOWzRw=="],

    "@oxfmt/linux-x64-gnu": ["@oxfmt/linux-x64-gnu@0.27.0", "", { "os": "linux", "cpu": "x64" }, "sha512-EhvDfFHO1yrK/Cu75eU1U828lBsW2cV0JITOrka5AjR3PlmnQQ03Mr9ROkWkbPmzAMklXI4Q16eO+4n+7FhS1w=="],

    "@oxfmt/linux-x64-musl": ["@oxfmt/linux-x64-musl@0.27.0", "", { "os": "linux", "cpu": "x64" }, "sha512-1pgjuwMT5sCekuteYZ7LkDsto7DJouaccwjozHqdWohSj2zJpFeSP2rMaC+6JJ1KD5r9HG9sWRuHZGEaoX9uOw=="],

    "@oxfmt/win32-arm64": ["@oxfmt/win32-arm64@0.27.0", "", { "os": "win32", "cpu": "arm64" }, "sha512-mmuEhXZEhAYAeyjVTWwGKIA3RSb2b/He9wrXkDJPhmqp8qISUzkVg1dQmLEt4hD+wI5rzR+6vchPt521tzuRDA=="],

    "@oxfmt/win32-x64": ["@oxfmt/win32-x64@0.27.0", "", { "os": "win32", "cpu": "x64" }, "sha512-cXKVkL1DuRq31QjwHqtBEUztyBmM9YZKdeFhsDLBURNdk1CFW42uWsmTsaqrXSoiCj7nCjfP0pwTOzxhQZra/A=="],

    "@oxlint/darwin-arm64": ["@oxlint/darwin-arm64@1.42.0", "", { "os": "darwin", "cpu": "arm64" }, "sha512-ui5CdAcDsXPQwZQEXOOSWsilJWhgj9jqHCvYBm2tDE8zfwZZuF9q58+hGKH1x5y0SV4sRlyobB2Quq6uU6EgeA=="],

    "@oxlint/darwin-x64": ["@oxlint/darwin-x64@1.42.0", "", { "os": "darwin", "cpu": "x64" }, "sha512-wo0M/hcpHRv7vFje99zHHqheOhVEwUOKjOgBKyi0M99xcLizv04kcSm1rTd6HSCeZgOtiJYZRVAlKhQOQw2byQ=="],

    "@oxlint/linux-arm64-gnu": ["@oxlint/linux-arm64-gnu@1.42.0", "", { "os": "linux", "cpu": "arm64" }, "sha512-j4QzfCM8ks+OyM+KKYWDiBEQsm5RCW50H1Wz16wUyoFsobJ+X5qqcJxq6HvkE07m8euYmZelyB0WqsiDoz1v8g=="],

    "@oxlint/linux-arm64-musl": ["@oxlint/linux-arm64-musl@1.42.0", "", { "os": "linux", "cpu": "arm64" }, "sha512-g5b1Uw7zo6yw4Ymzyd1etKzAY7xAaGA3scwB8tAp3QzuY7CYdfTwlhiLKSAKbd7T/JBgxOXAGNcLDorJyVTXcg=="],

    "@oxlint/linux-x64-gnu": ["@oxlint/linux-x64-gnu@1.42.0", "", { "os": "linux", "cpu": "x64" }, "sha512-HnD99GD9qAbpV4q9iQil7mXZUJFpoBdDavfcC2CgGLPlawfcV5COzQPNwOgvPVkr7C0cBx6uNCq3S6r9IIiEIg=="],

    "@oxlint/linux-x64-musl": ["@oxlint/linux-x64-musl@1.42.0", "", { "os": "linux", "cpu": "x64" }, "sha512-8NTe8A78HHFn+nBi+8qMwIjgv9oIBh+9zqCPNLH56ah4vKOPvbePLI6NIv9qSkmzrBuu8SB+FJ2TH/G05UzbNA=="],

    "@oxlint/win32-arm64": ["@oxlint/win32-arm64@1.42.0", "", { "os": "win32", "cpu": "arm64" }, "sha512-lAPS2YAuu+qFqoTNPFcNsxXjwSV0M+dOgAzzVTAN7Yo2ifj+oLOx0GsntWoM78PvQWI7Q827ZxqtU2ImBmDapA=="],

    "@oxlint/win32-x64": ["@oxlint/win32-x64@1.42.0", "", { "os": "win32", "cpu": "x64" }, "sha512-3/KmyUOHNriL6rLpaFfm9RJxdhpXY2/Ehx9UuorJr2pUA+lrZL15FAEx/DOszYm5r10hfzj40+efAHcCilNvSQ=="],

    "@tanstack/query-core": ["@tanstack/query-core@5.90.20", "", {}, "sha512-OMD2HLpNouXEfZJWcKeVKUgQ5n+n3A2JFmBaScpNDUqSrQSjiveC7dKMe53uJUg1nDG16ttFPz2xfilz6i2uVg=="],

    "@tanstack/react-query": ["@tanstack/react-query@5.90.20", "", { "dependencies": { "@tanstack/query-core": "5.90.20" }, "peerDependencies": { "react": "^18 || ^19" } }, "sha512-vXBxa+qeyveVO7OA0jX1z+DeyCA4JKnThKv411jd5SORpBKgkcVnYKCiBgECvADvniBX7tobwBmg01qq9JmMJw=="],

    "@types/bun": ["@types/bun@1.3.8", "", { "dependencies": { "bun-types": "1.3.8" } }, "sha512-3LvWJ2q5GerAXYxO2mffLTqOzEu5qnhEAlh48Vnu8WQfnmSwbgagjGZV6BoHKJztENYEDn6QmVd949W4uESRJA=="],

    "@types/node": ["@types/node@25.1.0", "", { "dependencies": { "undici-types": "~7.16.0" } }, "sha512-t7frlewr6+cbx+9Ohpl0NOTKXZNV9xHRmNOvql47BFJKcEG1CxtxlPEEe+gR9uhVWM4DwhnvTF110mIL4yP9RA=="],

    "@types/react": ["@types/react@19.2.10", "", { "dependencies": { "csstype": "^3.2.2" } }, "sha512-WPigyYuGhgZ/cTPRXB2EwUw+XvsRA3GqHlsP4qteqrnnjDrApbS7MxcGr/hke5iUoeB7E/gQtrs9I37zAJ0Vjw=="],

    "@types/react-dom": ["@types/react-dom@19.2.3", "", { "peerDependencies": { "@types/react": "^19.2.0" } }, "sha512-jp2L/eY6fn+KgVVQAOqYItbF0VY/YApe5Mz2F0aykSO8gx31bYCZyvSeYxCHKvzHG5eZjc+zyaS5BrBWya2+kQ=="],

    "bun": ["bun@1.3.8", "", { "optionalDependencies": { "@oven/bun-darwin-aarch64": "1.3.8", "@oven/bun-darwin-x64": "1.3.8", "@oven/bun-darwin-x64-baseline": "1.3.8", "@oven/bun-linux-aarch64": "1.3.8", "@oven/bun-linux-aarch64-musl": "1.3.8", "@oven/bun-linux-x64": "1.3.8", "@oven/bun-linux-x64-baseline": "1.3.8", "@oven/bun-linux-x64-musl": "1.3.8", "@oven/bun-linux-x64-musl-baseline": "1.3.8", "@oven/bun-windows-x64": "1.3.8", "@oven/bun-windows-x64-baseline": "1.3.8" }, "os": [ "linux", "win32", "darwin", ], "cpu": [ "x64", "arm64", ], "bin": { "bun": "bin/bun.exe", "bunx": "bin/bunx.exe" } }, "sha512-TmmtMGQSXY3o0enSMMkvR5g7Dw/2n2oylAUprLVdqA8pDPBoKbzgOmmgHOtvnfRznFppl+Gu2cid3vgAjcNoSg=="],

    "bun-plugin-tailwind": ["bun-plugin-tailwind@0.1.2", "", { "peerDependencies": { "bun": ">=1.0.0" } }, "sha512-41jNC1tZRSK3s1o7pTNrLuQG8kL/0vR/JgiTmZAJ1eHwe0w5j6HFPKeqEk0WAD13jfrUC7+ULuewFBBCoADPpg=="],

    "bun-types": ["bun-types@1.3.8", "", { "dependencies": { "@types/node": "*" } }, "sha512-fL99nxdOWvV4LqjmC+8Q9kW3M4QTtTR1eePs94v5ctGqU8OeceWrSUaRw3JYb7tU3FkMIAjkueehrHPPPGKi5Q=="],

    "csstype": ["csstype@3.2.3", "", {}, "sha512-z1HGKcYy2xA8AGQfwrn0PAy+PB7X/GSj3UVJW9qKyn43xWa+gl5nXmU4qqLMRzWVLFC8KusUX8T/0kCiOYpAIQ=="],

    "oxfmt": ["oxfmt@0.27.0", "", { "dependencies": { "tinypool": "2.0.0" }, "optionalDependencies": { "@oxfmt/darwin-arm64": "0.27.0", "@oxfmt/darwin-x64": "0.27.0", "@oxfmt/linux-arm64-gnu": "0.27.0", "@oxfmt/linux-arm64-musl": "0.27.0", "@oxfmt/linux-x64-gnu": "0.27.0", "@oxfmt/linux-x64-musl": "0.27.0", "@oxfmt/win32-arm64": "0.27.0", "@oxfmt/win32-x64": "0.27.0" }, "bin": { "oxfmt": "bin/oxfmt" } }, "sha512-FHR0HR3WeMKBuVEQvW3EeiRZXs/cQzNHxGbhCoAIEPr1FVcOa9GCqrKJXPqv2jkzmCg6Wqot+DvN9RzemyFJhw=="],

    "oxlint": ["oxlint@1.42.0", "", { "optionalDependencies": { "@oxlint/darwin-arm64": "1.42.0", "@oxlint/darwin-x64": "1.42.0", "@oxlint/linux-arm64-gnu": "1.42.0", "@oxlint/linux-arm64-musl": "1.42.0", "@oxlint/linux-x64-gnu": "1.42.0", "@oxlint/linux-x64-musl": "1.42.0", "@oxlint/win32-arm64": "1.42.0", "@oxlint/win32-x64": "1.42.0" }, "peerDependencies": { "oxlint-tsgolint": ">=0.11.2" }, "optionalPeers": ["oxlint-tsgolint"], "bin": { "oxlint": "bin/oxlint" } }, "sha512-qnspC/lrp8FgKNaONLLn14dm+W5t0SSlus6V5NJpgI2YNT1tkFYZt4fBf14ESxf9AAh98WBASnW5f0gtw462Lg=="],

    "react": ["react@19.2.4", "", {}, "sha512-9nfp2hYpCwOjAN+8TZFGhtWEwgvWHXqESH8qT89AT/lWklpLON22Lc8pEtnpsZz7VmawabSU0gCjnj8aC0euHQ=="],

    "react-dom": ["react-dom@19.2.4", "", { "dependencies": { "scheduler": "^0.27.0" }, "peerDependencies": { "react": "^19.2.4" } }, "sha512-AXJdLo8kgMbimY95O2aKQqsz2iWi9jMgKJhRBAxECE4IFxfcazB2LmzloIoibJI3C12IlY20+KFaLv+71bUJeQ=="],

    "scheduler": ["scheduler@0.27.0", "", {}, "sha512-eNv+WrVbKu1f3vbYJT/xtiF5syA5HPIMtf9IgY/nKg0sWqzAUEvqY/xm7OcZc/qafLx/iO9FgOmeSAp4v5ti/Q=="],

    "tailwindcss": ["tailwindcss@4.1.18", "", {}, "sha512-4+Z+0yiYyEtUVCScyfHCxOYP06L5Ne+JiHhY2IjR2KWMIWhJOYZKLSGZaP5HkZ8+bY0cxfzwDE5uOmzFXyIwxw=="],

    "tinypool": ["tinypool@2.0.0", "", {}, "sha512-/RX9RzeH2xU5ADE7n2Ykvmi9ED3FBGPAjw9u3zucrNNaEBIO0HPSYgL0NT7+3p147ojeSdaVu08F6hjpv31HJg=="],

    "undici-types": ["undici-types@7.16.0", "", {}, "sha512-Zz+aZWSj8LE6zoxD+xrjh4VfkIG8Ya6LvYkZqtUQGJPZjYl53ypCaUwWqo7eI0x66KBGeRo+mlBEkMSeSZ38Nw=="],

    "zustand": ["zustand@5.0.10", "", { "peerDependencies": { "@types/react": ">=18.0.0", "immer": ">=9.0.6", "react": ">=18.0.0", "use-sync-external-store": ">=1.2.0" }, "optionalPeers": ["@types/react", "immer", "react", "use-sync-external-store"] }, "sha512-U1AiltS1O9hSy3rul+Ub82ut2fqIAefiSuwECWt6jlMVUGejvf+5omLcRBSzqbRagSM3hQZbtzdeRc6QVScXTg=="],
  }
}
